
Microsoft Visual Studio Solution File, Format Version 12.00
# Visual Studio Version 17
VisualStudioVersion = 17.9.34728.123
MinimumVisualStudioVersion = 10.0.40219.1
Project("{9A19103F-16F7-4668-BE54-9A1E7A4F7556}") = "EFCore", "..\GUI2\GUI2\EFCore.csproj", "{0B7AE107-AEAB-4D41-A54D-F8CF309E1AA7}"
EndProject
Project("{9A19103F-16F7-4668-BE54-9A1E7A4F7556}") = "TestData", "..\Utilities\TestData\TestData.csproj", "{3F4EB43E-6798-444F-9877-3682DECFA6FE}"
EndProject
Global
	GlobalSection(SolutionConfigurationPlatforms) = preSolution
		Debug|Any CPU = Debug|Any CPU
		Release|Any CPU = Release|Any CPU
	EndGlobalSection
	GlobalSection(ProjectConfigurationPlatforms) = postSolution
		{0B7AE107-AEAB-4D41-A54D-F8CF309E1AA7}.Debug|Any CPU.ActiveCfg = Debug|Any CPU
		{0B7AE107-AEAB-4D41-A54D-F8CF309E1AA7}.Debug|Any CPU.Build.0 = Debug|Any CPU
		{0B7AE107-AEAB-4D41-A54D-F8CF309E1AA7}.Release|Any CPU.ActiveCfg = Release|Any CPU
		{0B7AE107-AEAB-4D41-A54D-F8CF309E1AA7}.Release|Any CPU.Build.0 = Release|Any CPU
		{3F4EB43E-6798-444F-9877-3682DECFA6FE}.Debug|Any CPU.ActiveCfg = Debug|Any CPU
		{3F4EB43E-6798-444F-9877-3682DECFA6FE}.Debug|Any CPU.Build.0 = Debug|Any CPU
		{3F4EB43E-6798-444F-9877-3682DECFA6FE}.Release|Any CPU.ActiveCfg = Release|Any CPU
		{3F4EB43E-6798-444F-9877-3682DECFA6FE}.Release|Any CPU.Build.0 = Release|Any CPU
	EndGlobalSection
	GlobalSection(SolutionProperties) = preSolution
		HideSolutionNode = FALSE
	EndGlobalSection
	GlobalSection(ExtensibilityGlobals) = postSolution
		SolutionGuid = {4366953F-6C3E-4950-BE11-3A0993087B46}
	EndGlobalSection
EndGlobal
