Microsoft Visual Studio Solution File, Format Version 12.00
# Visual Studio Version 17
VisualStudioVersion = 17.9.34728.123
MinimumVisualStudioVersion = 10.0.40219.1
Project("{9A19103F-16F7-4668-BE54-9A1E7A4F7556}") = "EFCore", "GUI2\EFCore.csproj", "{BC149D47-3EDC-4ABA-9B93-FA33F2AE5F3C}"
EndProject
Global
	GlobalSection(SolutionConfigurationPlatforms) = preSolution
		Debug|Any CPU = Debug|Any CPU
		Release|Any CPU = Release|Any CPU
	EndGlobalSection
	GlobalSection(ProjectConfigurationPlatforms) = postSolution
		{BC149D47-3EDC-4ABA-9B93-FA33F2AE5F3C}.Debug|Any CPU.ActiveCfg = Debug|Any CPU
		{BC149D47-3EDC-4ABA-9B93-FA33F2AE5F3C}.Debug|Any CPU.Build.0 = Debug|Any CPU
		{BC149D47-3EDC-4ABA-9B93-FA33F2AE5F3C}.Release|Any CPU.ActiveCfg = Release|Any CPU
		{BC149D47-3EDC-4ABA-9B93-FA33F2AE5F3C}.Release|Any CPU.Build.0 = Release|Any CPU
	EndGlobalSection
	GlobalSection(SolutionProperties) = preSolution
		HideSolutionNode = FALSE
	EndGlobalSection
	GlobalSection(ExtensibilityGlobals) = postSolution
		SolutionGuid = {3DA6179D-8CB3-4BF5-9A14-3D44A67C456B}
	EndGlobalSection
EndGlobal
